
Microsoft Visual Studio Solution File, Format Version 12.00
# Visual Studio 15
VisualStudioVersion = 15.0.28010.2041
MinimumVisualStudioVersion = 10.0.40219.1
Project("{FAE04EC0-301F-11D3-BF4B-00C04F79EFBC}") = "MonteCarloS", "MonteCarloS\MonteCarloS.csproj", "{8864891E-31BD-48BE-AFA3-051C8B40BDDF}"
EndProject
Global
	GlobalSection(SolutionConfigurationPlatforms) = preSolution
		Debug|Any CPU = Debug|Any CPU
		Release|Any CPU = Release|Any CPU
	EndGlobalSection
	GlobalSection(ProjectConfigurationPlatforms) = postSolution
		{8864891E-31BD-48BE-AFA3-051C8B40BDDF}.Debug|Any CPU.ActiveCfg = Debug|Any CPU
		{8864891E-31BD-48BE-AFA3-051C8B40BDDF}.Debug|Any CPU.Build.0 = Debug|Any CPU
		{8864891E-31BD-48BE-AFA3-051C8B40BDDF}.Release|Any CPU.ActiveCfg = Release|Any CPU
		{8864891E-31BD-48BE-AFA3-051C8B40BDDF}.Release|Any CPU.Build.0 = Release|Any CPU
	EndGlobalSection
	GlobalSection(SolutionProperties) = preSolution
		HideSolutionNode = FALSE
	EndGlobalSection
	GlobalSection(ExtensibilityGlobals) = postSolution
		SolutionGuid = {BB4FD506-DB41-47C3-8150-11141343C787}
	EndGlobalSection
EndGlobal
